// !$*UTF8*$!
{
	archiveVersion = 1;
	classes = {
	};
	objectVersion = 46;
	objects = {

/* Begin PBXBuildFile section */
		6641AC3F1BDD8B4B0073733F /* ComicPageViewController.swift in Sources */ = {isa = PBXBuildFile; fileRef = 6641AC3E1BDD8B4B0073733F /* ComicPageViewController.swift */; };
		666A694C1CB179B5008E1490 /* Main.storyboard in Resources */ = {isa = PBXBuildFile; fileRef = 666A694B1CB179B5008E1490 /* Main.storyboard */; };
		666A698E1CB1ED1F008E1490 /* ComicSearchViewController.swift in Sources */ = {isa = PBXBuildFile; fileRef = 666A698D1CB1ED1F008E1490 /* ComicSearchViewController.swift */; };
		666A69AE1CB3179D008E1490 /* SearchResult.swift in Sources */ = {isa = PBXBuildFile; fileRef = 666A69AD1CB3179D008E1490 /* SearchResult.swift */; };
		667BCAD31BBDB47F0001067F /* Media.xcassets in Resources */ = {isa = PBXBuildFile; fileRef = 667BCAD21BBDB47F0001067F /* Media.xcassets */; };
		667F39C51BBCE92000CD138B /* ComicSelectionViewController.swift in Sources */ = {isa = PBXBuildFile; fileRef = 667F39C41BBCE92000CD138B /* ComicSelectionViewController.swift */; };
		667F39C71BBCEA1400CD138B /* ComicViewController.swift in Sources */ = {isa = PBXBuildFile; fileRef = 667F39C61BBCEA1400CD138B /* ComicViewController.swift */; };
		66AD83941BBE2B770069C089 /* ComicDownloader.swift in Sources */ = {isa = PBXBuildFile; fileRef = 66AD83931BBE2B770069C089 /* ComicDownloader.swift */; };
		66C7AAAE1BBE1DA3008D17F4 /* Comic.swift in Sources */ = {isa = PBXBuildFile; fileRef = 66C7AAAD1BBE1DA3008D17F4 /* Comic.swift */; };
		66C7AAB01BBE1DBE008D17F4 /* ComicManager.swift in Sources */ = {isa = PBXBuildFile; fileRef = 66C7AAAF1BBE1DBE008D17F4 /* ComicManager.swift */; };
		66CDF79B1BB879F100B91B62 /* AppDelegate.swift in Sources */ = {isa = PBXBuildFile; fileRef = 66CDF79A1BB879F100B91B62 /* AppDelegate.swift */; };
		66CDF7A31BB879F100B91B62 /* Calvin_and_Hobbes.xcdatamodeld in Sources */ = {isa = PBXBuildFile; fileRef = 66CDF7A11BB879F100B91B62 /* Calvin_and_Hobbes.xcdatamodeld */; };
		66CDF7A81BB879F100B91B62 /* LaunchScreen.storyboard in Resources */ = {isa = PBXBuildFile; fileRef = 66CDF7A61BB879F100B91B62 /* LaunchScreen.storyboard */; };
		66CDF7B31BB879F100B91B62 /* Calvin_and_HobbesTests.swift in Sources */ = {isa = PBXBuildFile; fileRef = 66CDF7B21BB879F100B91B62 /* Calvin_and_HobbesTests.swift */; };
		66CDF7BE1BB879F100B91B62 /* Calvin_and_HobbesUITests.swift in Sources */ = {isa = PBXBuildFile; fileRef = 66CDF7BD1BB879F100B91B62 /* Calvin_and_HobbesUITests.swift */; };
		D6017F37433B4E1950270047 /* Pods.framework in Frameworks */ = {isa = PBXBuildFile; fileRef = 806FE965C7E2D2DCC53BF2AC /* Pods.framework */; };
/* End PBXBuildFile section */

/* Begin PBXContainerItemProxy section */
		66CDF7AF1BB879F100B91B62 /* PBXContainerItemProxy */ = {
			isa = PBXContainerItemProxy;
			containerPortal = 66CDF78F1BB879F100B91B62 /* Project object */;
			proxyType = 1;
			remoteGlobalIDString = 66CDF7961BB879F100B91B62;
			remoteInfo = "Calvin and Hobbes";
		};
		66CDF7BA1BB879F100B91B62 /* PBXContainerItemProxy */ = {
			isa = PBXContainerItemProxy;
			containerPortal = 66CDF78F1BB879F100B91B62 /* Project object */;
			proxyType = 1;
			remoteGlobalIDString = 66CDF7961BB879F100B91B62;
			remoteInfo = "Calvin and Hobbes";
		};
/* End PBXContainerItemProxy section */

/* Begin PBXFileReference section */
		129AFB86383DBE8C692B1C28 /* Pods.release.xcconfig */ = {isa = PBXFileReference; includeInIndex = 1; lastKnownFileType = text.xcconfig; name = Pods.release.xcconfig; path = "Pods/Target Support Files/Pods/Pods.release.xcconfig"; sourceTree = "<group>"; };
		6641AC3E1BDD8B4B0073733F /* ComicPageViewController.swift */ = {isa = PBXFileReference; fileEncoding = 4; lastKnownFileType = sourcecode.swift; name = ComicPageViewController.swift; path = Controllers/ComicPageViewController.swift; sourceTree = "<group>"; };
		6641AC401BDDCD910073733F /* Swift-Bridging-Header.h */ = {isa = PBXFileReference; lastKnownFileType = sourcecode.c.h; name = "Swift-Bridging-Header.h"; path = "Supporting Files/Swift-Bridging-Header.h"; sourceTree = "<group>"; };
		666A694B1CB179B5008E1490 /* Main.storyboard */ = {isa = PBXFileReference; fileEncoding = 4; lastKnownFileType = file.storyboard; path = Main.storyboard; sourceTree = "<group>"; };
		666A698D1CB1ED1F008E1490 /* ComicSearchViewController.swift */ = {isa = PBXFileReference; fileEncoding = 4; lastKnownFileType = sourcecode.swift; name = ComicSearchViewController.swift; path = Controllers/ComicSearchViewController.swift; sourceTree = "<group>"; };
		666A69AD1CB3179D008E1490 /* SearchResult.swift */ = {isa = PBXFileReference; fileEncoding = 4; lastKnownFileType = sourcecode.swift; name = SearchResult.swift; path = Model/SearchResult.swift; sourceTree = "<group>"; };
		667BCAD21BBDB47F0001067F /* Media.xcassets */ = {isa = PBXFileReference; lastKnownFileType = folder.assetcatalog; name = Media.xcassets; path = "Supporting Files/Media.xcassets"; sourceTree = "<group>"; };
		667F39C41BBCE92000CD138B /* ComicSelectionViewController.swift */ = {isa = PBXFileReference; fileEncoding = 4; lastKnownFileType = sourcecode.swift; name = ComicSelectionViewController.swift; path = Controllers/ComicSelectionViewController.swift; sourceTree = "<group>"; };
		667F39C61BBCEA1400CD138B /* ComicViewController.swift */ = {isa = PBXFileReference; fileEncoding = 4; lastKnownFileType = sourcecode.swift; name = ComicViewController.swift; path = Controllers/ComicViewController.swift; sourceTree = "<group>"; };
		66AD83931BBE2B770069C089 /* ComicDownloader.swift */ = {isa = PBXFileReference; fileEncoding = 4; lastKnownFileType = sourcecode.swift; name = ComicDownloader.swift; path = Model/ComicDownloader.swift; sourceTree = "<group>"; };
		66C7AAAD1BBE1DA3008D17F4 /* Comic.swift */ = {isa = PBXFileReference; fileEncoding = 4; lastKnownFileType = sourcecode.swift; name = Comic.swift; path = Model/Comic.swift; sourceTree = "<group>"; };
		66C7AAAF1BBE1DBE008D17F4 /* ComicManager.swift */ = {isa = PBXFileReference; fileEncoding = 4; lastKnownFileType = sourcecode.swift; name = ComicManager.swift; path = Model/ComicManager.swift; sourceTree = "<group>"; };
		66CDF7971BB879F100B91B62 /* Calvin and Hobbes.app */ = {isa = PBXFileReference; explicitFileType = wrapper.application; includeInIndex = 0; path = "Calvin and Hobbes.app"; sourceTree = BUILT_PRODUCTS_DIR; };
		66CDF79A1BB879F100B91B62 /* AppDelegate.swift */ = {isa = PBXFileReference; lastKnownFileType = sourcecode.swift; path = AppDelegate.swift; sourceTree = "<group>"; };
		66CDF7A21BB879F100B91B62 /* Calvin_and_Hobbes.xcdatamodel */ = {isa = PBXFileReference; lastKnownFileType = wrapper.xcdatamodel; path = Calvin_and_Hobbes.xcdatamodel; sourceTree = "<group>"; };
		66CDF7A71BB879F100B91B62 /* Base */ = {isa = PBXFileReference; lastKnownFileType = file.storyboard; name = Base; path = Base.lproj/LaunchScreen.storyboard; sourceTree = "<group>"; };
		66CDF7A91BB879F100B91B62 /* Info.plist */ = {isa = PBXFileReference; lastKnownFileType = text.plist.xml; path = Info.plist; sourceTree = "<group>"; };
		66CDF7AE1BB879F100B91B62 /* Calvin and HobbesTests.xctest */ = {isa = PBXFileReference; explicitFileType = wrapper.cfbundle; includeInIndex = 0; path = "Calvin and HobbesTests.xctest"; sourceTree = BUILT_PRODUCTS_DIR; };
		66CDF7B21BB879F100B91B62 /* Calvin_and_HobbesTests.swift */ = {isa = PBXFileReference; lastKnownFileType = sourcecode.swift; path = Calvin_and_HobbesTests.swift; sourceTree = "<group>"; };
		66CDF7B41BB879F100B91B62 /* Info.plist */ = {isa = PBXFileReference; lastKnownFileType = text.plist.xml; path = Info.plist; sourceTree = "<group>"; };
		66CDF7B91BB879F100B91B62 /* Calvin and HobbesUITests.xctest */ = {isa = PBXFileReference; explicitFileType = wrapper.cfbundle; includeInIndex = 0; path = "Calvin and HobbesUITests.xctest"; sourceTree = BUILT_PRODUCTS_DIR; };
		66CDF7BD1BB879F100B91B62 /* Calvin_and_HobbesUITests.swift */ = {isa = PBXFileReference; lastKnownFileType = sourcecode.swift; path = Calvin_and_HobbesUITests.swift; sourceTree = "<group>"; };
		66CDF7BF1BB879F100B91B62 /* Info.plist */ = {isa = PBXFileReference; lastKnownFileType = text.plist.xml; path = Info.plist; sourceTree = "<group>"; };
		68A066220DE41A60DDBEB800 /* Pods.debug.xcconfig */ = {isa = PBXFileReference; includeInIndex = 1; lastKnownFileType = text.xcconfig; name = Pods.debug.xcconfig; path = "Pods/Target Support Files/Pods/Pods.debug.xcconfig"; sourceTree = "<group>"; };
		806FE965C7E2D2DCC53BF2AC /* Pods.framework */ = {isa = PBXFileReference; explicitFileType = wrapper.framework; includeInIndex = 0; path = Pods.framework; sourceTree = BUILT_PRODUCTS_DIR; };
/* End PBXFileReference section */

/* Begin PBXFrameworksBuildPhase section */
		66CDF7941BB879F100B91B62 /* Frameworks */ = {
			isa = PBXFrameworksBuildPhase;
			buildActionMask = 2147483647;
			files = (
				D6017F37433B4E1950270047 /* Pods.framework in Frameworks */,
			);
			runOnlyForDeploymentPostprocessing = 0;
		};
		66CDF7AB1BB879F100B91B62 /* Frameworks */ = {
			isa = PBXFrameworksBuildPhase;
			buildActionMask = 2147483647;
			files = (
			);
			runOnlyForDeploymentPostprocessing = 0;
		};
		66CDF7B61BB879F100B91B62 /* Frameworks */ = {
			isa = PBXFrameworksBuildPhase;
			buildActionMask = 2147483647;
			files = (
			);
			runOnlyForDeploymentPostprocessing = 0;
		};
/* End PBXFrameworksBuildPhase section */

/* Begin PBXGroup section */
		4D9DC2E8A379DDBFC6F39162 /* Pods */ = {
			isa = PBXGroup;
			children = (
				68A066220DE41A60DDBEB800 /* Pods.debug.xcconfig */,
				129AFB86383DBE8C692B1C28 /* Pods.release.xcconfig */,
			);
			name = Pods;
			sourceTree = "<group>";
		};
		667F39C11BBCE22100CD138B /* Support Files */ = {
			isa = PBXGroup;
			children = (
				66CDF7A11BB879F100B91B62 /* Calvin_and_Hobbes.xcdatamodeld */,
				6641AC401BDDCD910073733F /* Swift-Bridging-Header.h */,
				66CDF7A91BB879F100B91B62 /* Info.plist */,
				667BCAD21BBDB47F0001067F /* Media.xcassets */,
				66CDF79A1BB879F100B91B62 /* AppDelegate.swift */,
			);
			name = "Support Files";
			sourceTree = "<group>";
		};
		667F39C21BBCE65C00CD138B /* Views */ = {
			isa = PBXGroup;
			children = (
				66CDF7A61BB879F100B91B62 /* LaunchScreen.storyboard */,
				666A694B1CB179B5008E1490 /* Main.storyboard */,
			);
			name = Views;
			sourceTree = "<group>";
		};
		667F39C31BBCE71D00CD138B /* Controllers */ = {
			isa = PBXGroup;
			children = (
				667F39C41BBCE92000CD138B /* ComicSelectionViewController.swift */,
				666A698D1CB1ED1F008E1490 /* ComicSearchViewController.swift */,
				6641AC3E1BDD8B4B0073733F /* ComicPageViewController.swift */,
				667F39C61BBCEA1400CD138B /* ComicViewController.swift */,
			);
			name = Controllers;
			sourceTree = "<group>";
		};
		66C7AAAC1BBE1D7F008D17F4 /* Model */ = {
			isa = PBXGroup;
			children = (
				66C7AAAD1BBE1DA3008D17F4 /* Comic.swift */,
				66C7AAAF1BBE1DBE008D17F4 /* ComicManager.swift */,
				66AD83931BBE2B770069C089 /* ComicDownloader.swift */,
				666A69AD1CB3179D008E1490 /* SearchResult.swift */,
			);
			name = Model;
			sourceTree = "<group>";
		};
		66CDF78E1BB879F100B91B62 = {
			isa = PBXGroup;
			children = (
				66CDF7991BB879F100B91B62 /* Calvin and Hobbes */,
				66CDF7B11BB879F100B91B62 /* Calvin and HobbesTests */,
				66CDF7BC1BB879F100B91B62 /* Calvin and HobbesUITests */,
				66CDF7981BB879F100B91B62 /* Products */,
				4D9DC2E8A379DDBFC6F39162 /* Pods */,
				6CEDAF99D83B1CCF3C7C7782 /* Frameworks */,
			);
			sourceTree = "<group>";
		};
		66CDF7981BB879F100B91B62 /* Products */ = {
			isa = PBXGroup;
			children = (
				66CDF7971BB879F100B91B62 /* Calvin and Hobbes.app */,
				66CDF7AE1BB879F100B91B62 /* Calvin and HobbesTests.xctest */,
				66CDF7B91BB879F100B91B62 /* Calvin and HobbesUITests.xctest */,
			);
			name = Products;
			sourceTree = "<group>";
		};
		66CDF7991BB879F100B91B62 /* Calvin and Hobbes */ = {
			isa = PBXGroup;
			children = (
				667F39C11BBCE22100CD138B /* Support Files */,
				66C7AAAC1BBE1D7F008D17F4 /* Model */,
				667F39C21BBCE65C00CD138B /* Views */,
				667F39C31BBCE71D00CD138B /* Controllers */,
			);
			path = "Calvin and Hobbes";
			sourceTree = "<group>";
		};
		66CDF7B11BB879F100B91B62 /* Calvin and HobbesTests */ = {
			isa = PBXGroup;
			children = (
				66CDF7B21BB879F100B91B62 /* Calvin_and_HobbesTests.swift */,
				66CDF7B41BB879F100B91B62 /* Info.plist */,
			);
			path = "Calvin and HobbesTests";
			sourceTree = "<group>";
		};
		66CDF7BC1BB879F100B91B62 /* Calvin and HobbesUITests */ = {
			isa = PBXGroup;
			children = (
				66CDF7BD1BB879F100B91B62 /* Calvin_and_HobbesUITests.swift */,
				66CDF7BF1BB879F100B91B62 /* Info.plist */,
			);
			path = "Calvin and HobbesUITests";
			sourceTree = "<group>";
		};
		6CEDAF99D83B1CCF3C7C7782 /* Frameworks */ = {
			isa = PBXGroup;
			children = (
				806FE965C7E2D2DCC53BF2AC /* Pods.framework */,
			);
			name = Frameworks;
			sourceTree = "<group>";
		};
/* End PBXGroup section */

/* Begin PBXNativeTarget section */
		66CDF7961BB879F100B91B62 /* Calvin and Hobbes */ = {
			isa = PBXNativeTarget;
			buildConfigurationList = 66CDF7C21BB879F100B91B62 /* Build configuration list for PBXNativeTarget "Calvin and Hobbes" */;
			buildPhases = (
				2966940AA0DF53F414E11D8E /* Check Pods Manifest.lock */,
				66CDF7931BB879F100B91B62 /* Sources */,
				66CDF7941BB879F100B91B62 /* Frameworks */,
				66CDF7951BB879F100B91B62 /* Resources */,
				C482846E2A57053FED093F2E /* Embed Pods Frameworks */,
				01AA3899C1D0EC3DFA28863E /* Copy Pods Resources */,
			);
			buildRules = (
			);
			dependencies = (
			);
			name = "Calvin and Hobbes";
			productName = "Calvin and Hobbes";
			productReference = 66CDF7971BB879F100B91B62 /* Calvin and Hobbes.app */;
			productType = "com.apple.product-type.application";
		};
		66CDF7AD1BB879F100B91B62 /* Calvin and HobbesTests */ = {
			isa = PBXNativeTarget;
			buildConfigurationList = 66CDF7C51BB879F100B91B62 /* Build configuration list for PBXNativeTarget "Calvin and HobbesTests" */;
			buildPhases = (
				66CDF7AA1BB879F100B91B62 /* Sources */,
				66CDF7AB1BB879F100B91B62 /* Frameworks */,
				66CDF7AC1BB879F100B91B62 /* Resources */,
			);
			buildRules = (
			);
			dependencies = (
				66CDF7B01BB879F100B91B62 /* PBXTargetDependency */,
			);
			name = "Calvin and HobbesTests";
			productName = "Calvin and HobbesTests";
			productReference = 66CDF7AE1BB879F100B91B62 /* Calvin and HobbesTests.xctest */;
			productType = "com.apple.product-type.bundle.unit-test";
		};
		66CDF7B81BB879F100B91B62 /* Calvin and HobbesUITests */ = {
			isa = PBXNativeTarget;
			buildConfigurationList = 66CDF7C81BB879F100B91B62 /* Build configuration list for PBXNativeTarget "Calvin and HobbesUITests" */;
			buildPhases = (
				66CDF7B51BB879F100B91B62 /* Sources */,
				66CDF7B61BB879F100B91B62 /* Frameworks */,
				66CDF7B71BB879F100B91B62 /* Resources */,
			);
			buildRules = (
			);
			dependencies = (
				66CDF7BB1BB879F100B91B62 /* PBXTargetDependency */,
			);
			name = "Calvin and HobbesUITests";
			productName = "Calvin and HobbesUITests";
			productReference = 66CDF7B91BB879F100B91B62 /* Calvin and HobbesUITests.xctest */;
			productType = "com.apple.product-type.bundle.ui-testing";
		};
/* End PBXNativeTarget section */

/* Begin PBXProject section */
		66CDF78F1BB879F100B91B62 /* Project object */ = {
			isa = PBXProject;
			attributes = {
				LastSwiftMigration = 0730;
				LastUpgradeCheck = 0700;
				ORGANIZATIONNAME = "Adam Van Prooyen";
				TargetAttributes = {
					66CDF7961BB879F100B91B62 = {
						CreatedOnToolsVersion = 7.0;
						DevelopmentTeam = ZY5M836YAS;
					};
					66CDF7AD1BB879F100B91B62 = {
						CreatedOnToolsVersion = 7.0;
						TestTargetID = 66CDF7961BB879F100B91B62;
					};
					66CDF7B81BB879F100B91B62 = {
						CreatedOnToolsVersion = 7.0;
						TestTargetID = 66CDF7961BB879F100B91B62;
					};
				};
			};
			buildConfigurationList = 66CDF7921BB879F100B91B62 /* Build configuration list for PBXProject "Calvin and Hobbes" */;
			compatibilityVersion = "Xcode 3.2";
			developmentRegion = English;
			hasScannedForEncodings = 0;
			knownRegions = (
				en,
				Base,
			);
			mainGroup = 66CDF78E1BB879F100B91B62;
			productRefGroup = 66CDF7981BB879F100B91B62 /* Products */;
			projectDirPath = "";
			projectRoot = "";
			targets = (
				66CDF7961BB879F100B91B62 /* Calvin and Hobbes */,
				66CDF7AD1BB879F100B91B62 /* Calvin and HobbesTests */,
				66CDF7B81BB879F100B91B62 /* Calvin and HobbesUITests */,
			);
		};
/* End PBXProject section */

/* Begin PBXResourcesBuildPhase section */
		66CDF7951BB879F100B91B62 /* Resources */ = {
			isa = PBXResourcesBuildPhase;
			buildActionMask = 2147483647;
			files = (
				66CDF7A81BB879F100B91B62 /* LaunchScreen.storyboard in Resources */,
				667BCAD31BBDB47F0001067F /* Media.xcassets in Resources */,
				666A694C1CB179B5008E1490 /* Main.storyboard in Resources */,
			);
			runOnlyForDeploymentPostprocessing = 0;
		};
		66CDF7AC1BB879F100B91B62 /* Resources */ = {
			isa = PBXResourcesBuildPhase;
			buildActionMask = 2147483647;
			files = (
			);
			runOnlyForDeploymentPostprocessing = 0;
		};
		66CDF7B71BB879F100B91B62 /* Resources */ = {
			isa = PBXResourcesBuildPhase;
			buildActionMask = 2147483647;
			files = (
			);
			runOnlyForDeploymentPostprocessing = 0;
		};
/* End PBXResourcesBuildPhase section */

/* Begin PBXShellScriptBuildPhase section */
		01AA3899C1D0EC3DFA28863E /* Copy Pods Resources */ = {
			isa = PBXShellScriptBuildPhase;
			buildActionMask = 2147483647;
			files = (
			);
			inputPaths = (
			);
			name = "Copy Pods Resources";
			outputPaths = (
			);
			runOnlyForDeploymentPostprocessing = 0;
			shellPath = /bin/sh;
			shellScript = "\"${SRCROOT}/Pods/Target Support Files/Pods/Pods-resources.sh\"\n";
			showEnvVarsInLog = 0;
		};
		2966940AA0DF53F414E11D8E /* Check Pods Manifest.lock */ = {
			isa = PBXShellScriptBuildPhase;
			buildActionMask = 2147483647;
			files = (
			);
			inputPaths = (
			);
			name = "Check Pods Manifest.lock";
			outputPaths = (
			);
			runOnlyForDeploymentPostprocessing = 0;
			shellPath = /bin/sh;
			shellScript = "diff \"${PODS_ROOT}/../Podfile.lock\" \"${PODS_ROOT}/Manifest.lock\" > /dev/null\nif [[ $? != 0 ]] ; then\n    cat << EOM\nerror: The sandbox is not in sync with the Podfile.lock. Run 'pod install' or update your CocoaPods installation.\nEOM\n    exit 1\nfi\n";
			showEnvVarsInLog = 0;
		};
		C482846E2A57053FED093F2E /* Embed Pods Frameworks */ = {
			isa = PBXShellScriptBuildPhase;
			buildActionMask = 2147483647;
			files = (
			);
			inputPaths = (
			);
			name = "Embed Pods Frameworks";
			outputPaths = (
			);
			runOnlyForDeploymentPostprocessing = 0;
			shellPath = /bin/sh;
			shellScript = "\"${SRCROOT}/Pods/Target Support Files/Pods/Pods-frameworks.sh\"\n";
			showEnvVarsInLog = 0;
		};
/* End PBXShellScriptBuildPhase section */

/* Begin PBXSourcesBuildPhase section */
		66CDF7931BB879F100B91B62 /* Sources */ = {
			isa = PBXSourcesBuildPhase;
			buildActionMask = 2147483647;
			files = (
				66C7AAAE1BBE1DA3008D17F4 /* Comic.swift in Sources */,
				66AD83941BBE2B770069C089 /* ComicDownloader.swift in Sources */,
				666A69AE1CB3179D008E1490 /* SearchResult.swift in Sources */,
				667F39C51BBCE92000CD138B /* ComicSelectionViewController.swift in Sources */,
				667F39C71BBCEA1400CD138B /* ComicViewController.swift in Sources */,
				66CDF79B1BB879F100B91B62 /* AppDelegate.swift in Sources */,
				666A698E1CB1ED1F008E1490 /* ComicSearchViewController.swift in Sources */,
				6641AC3F1BDD8B4B0073733F /* ComicPageViewController.swift in Sources */,
				66C7AAB01BBE1DBE008D17F4 /* ComicManager.swift in Sources */,
				66CDF7A31BB879F100B91B62 /* Calvin_and_Hobbes.xcdatamodeld in Sources */,
			);
			runOnlyForDeploymentPostprocessing = 0;
		};
		66CDF7AA1BB879F100B91B62 /* Sources */ = {
			isa = PBXSourcesBuildPhase;
			buildActionMask = 2147483647;
			files = (
				66CDF7B31BB879F100B91B62 /* Calvin_and_HobbesTests.swift in Sources */,
			);
			runOnlyForDeploymentPostprocessing = 0;
		};
		66CDF7B51BB879F100B91B62 /* Sources */ = {
			isa = PBXSourcesBuildPhase;
			buildActionMask = 2147483647;
			files = (
				66CDF7BE1BB879F100B91B62 /* Calvin_and_HobbesUITests.swift in Sources */,
			);
			runOnlyForDeploymentPostprocessing = 0;
		};
/* End PBXSourcesBuildPhase section */

/* Begin PBXTargetDependency section */
		66CDF7B01BB879F100B91B62 /* PBXTargetDependency */ = {
			isa = PBXTargetDependency;
			target = 66CDF7961BB879F100B91B62 /* Calvin and Hobbes */;
			targetProxy = 66CDF7AF1BB879F100B91B62 /* PBXContainerItemProxy */;
		};
		66CDF7BB1BB879F100B91B62 /* PBXTargetDependency */ = {
			isa = PBXTargetDependency;
			target = 66CDF7961BB879F100B91B62 /* Calvin and Hobbes */;
			targetProxy = 66CDF7BA1BB879F100B91B62 /* PBXContainerItemProxy */;
		};
/* End PBXTargetDependency section */

/* Begin PBXVariantGroup section */
		66CDF7A61BB879F100B91B62 /* LaunchScreen.storyboard */ = {
			isa = PBXVariantGroup;
			children = (
				66CDF7A71BB879F100B91B62 /* Base */,
			);
			name = LaunchScreen.storyboard;
			sourceTree = "<group>";
		};
/* End PBXVariantGroup section */

/* Begin XCBuildConfiguration section */
		66CDF7C01BB879F100B91B62 /* Debug */ = {
			isa = XCBuildConfiguration;
			buildSettings = {
				ALWAYS_SEARCH_USER_PATHS = NO;
				CLANG_CXX_LANGUAGE_STANDARD = "gnu++0x";
				CLANG_CXX_LIBRARY = "libc++";
				CLANG_ENABLE_MODULES = YES;
				CLANG_ENABLE_OBJC_ARC = YES;
				CLANG_WARN_BOOL_CONVERSION = YES;
				CLANG_WARN_CONSTANT_CONVERSION = YES;
				CLANG_WARN_DIRECT_OBJC_ISA_USAGE = YES_ERROR;
				CLANG_WARN_EMPTY_BODY = YES;
				CLANG_WARN_ENUM_CONVERSION = YES;
				CLANG_WARN_INT_CONVERSION = YES;
				CLANG_WARN_OBJC_ROOT_CLASS = YES_ERROR;
				CLANG_WARN_UNREACHABLE_CODE = YES;
				CLANG_WARN__DUPLICATE_METHOD_MATCH = YES;
				"CODE_SIGN_IDENTITY[sdk=iphoneos*]" = "iPhone Developer";
				COPY_PHASE_STRIP = NO;
				DEBUG_INFORMATION_FORMAT = dwarf;
				ENABLE_STRICT_OBJC_MSGSEND = YES;
				ENABLE_TESTABILITY = YES;
				GCC_C_LANGUAGE_STANDARD = gnu99;
				GCC_DYNAMIC_NO_PIC = NO;
				GCC_NO_COMMON_BLOCKS = YES;
				GCC_OPTIMIZATION_LEVEL = 0;
				GCC_PREPROCESSOR_DEFINITIONS = (
					"DEBUG=1",
					"$(inherited)",
				);
				GCC_WARN_64_TO_32_BIT_CONVERSION = YES;
				GCC_WARN_ABOUT_RETURN_TYPE = YES_ERROR;
				GCC_WARN_UNDECLARED_SELECTOR = YES;
				GCC_WARN_UNINITIALIZED_AUTOS = YES_AGGRESSIVE;
				GCC_WARN_UNUSED_FUNCTION = YES;
				GCC_WARN_UNUSED_VARIABLE = YES;
				IPHONEOS_DEPLOYMENT_TARGET = 9.0;
				MTL_ENABLE_DEBUG_INFO = YES;
				ONLY_ACTIVE_ARCH = YES;
				SDKROOT = iphoneos;
				SWIFT_OPTIMIZATION_LEVEL = "-Onone";
			};
			name = Debug;
		};
		66CDF7C11BB879F100B91B62 /* Release */ = {
			isa = XCBuildConfiguration;
			buildSettings = {
				ALWAYS_SEARCH_USER_PATHS = NO;
				CLANG_CXX_LANGUAGE_STANDARD = "gnu++0x";
				CLANG_CXX_LIBRARY = "libc++";
				CLANG_ENABLE_MODULES = YES;
				CLANG_ENABLE_OBJC_ARC = YES;
				CLANG_WARN_BOOL_CONVERSION = YES;
				CLANG_WARN_CONSTANT_CONVERSION = YES;
				CLANG_WARN_DIRECT_OBJC_ISA_USAGE = YES_ERROR;
				CLANG_WARN_EMPTY_BODY = YES;
				CLANG_WARN_ENUM_CONVERSION = YES;
				CLANG_WARN_INT_CONVERSION = YES;
				CLANG_WARN_OBJC_ROOT_CLASS = YES_ERROR;
				CLANG_WARN_UNREACHABLE_CODE = YES;
				CLANG_WARN__DUPLICATE_METHOD_MATCH = YES;
				"CODE_SIGN_IDENTITY[sdk=iphoneos*]" = "iPhone Developer";
				COPY_PHASE_STRIP = NO;
				DEBUG_INFORMATION_FORMAT = "dwarf-with-dsym";
				ENABLE_NS_ASSERTIONS = NO;
				ENABLE_STRICT_OBJC_MSGSEND = YES;
				GCC_C_LANGUAGE_STANDARD = gnu99;
				GCC_NO_COMMON_BLOCKS = YES;
				GCC_WARN_64_TO_32_BIT_CONVERSION = YES;
				GCC_WARN_ABOUT_RETURN_TYPE = YES_ERROR;
				GCC_WARN_UNDECLARED_SELECTOR = YES;
				GCC_WARN_UNINITIALIZED_AUTOS = YES_AGGRESSIVE;
				GCC_WARN_UNUSED_FUNCTION = YES;
				GCC_WARN_UNUSED_VARIABLE = YES;
				IPHONEOS_DEPLOYMENT_TARGET = 9.0;
				MTL_ENABLE_DEBUG_INFO = NO;
				SDKROOT = iphoneos;
				VALIDATE_PRODUCT = YES;
			};
			name = Release;
		};
		66CDF7C31BB879F100B91B62 /* Debug */ = {
			isa = XCBuildConfiguration;
			baseConfigurationReference = 68A066220DE41A60DDBEB800 /* Pods.debug.xcconfig */;
			buildSettings = {
				ASSETCATALOG_COMPILER_APPICON_NAME = AppIcon;
				CODE_SIGN_IDENTITY = "iPhone Developer";
				"CODE_SIGN_IDENTITY[sdk=iphoneos*]" = "iPhone Developer";
				EMBEDDED_CONTENT_CONTAINS_SWIFT = YES;
				INFOPLIST_FILE = "Calvin and Hobbes/Info.plist";
				IPHONEOS_DEPLOYMENT_TARGET = 9.0;
				LD_RUNPATH_SEARCH_PATHS = "$(inherited) @executable_path/Frameworks";
				PRODUCT_BUNDLE_IDENTIFIER = "com.van.prooyen.Calvin-and-Hobbes";
				PRODUCT_NAME = "$(TARGET_NAME)";
				PROVISIONING_PROFILE = "";
				SWIFT_OBJC_BRIDGING_HEADER = "Calvin and Hobbes/Supporting Files/Swift-Bridging-Header.h";
			};
			name = Debug;
		};
		66CDF7C41BB879F100B91B62 /* Release */ = {
			isa = XCBuildConfiguration;
			baseConfigurationReference = 129AFB86383DBE8C692B1C28 /* Pods.release.xcconfig */;
			buildSettings = {
				ASSETCATALOG_COMPILER_APPICON_NAME = AppIcon;
				CODE_SIGN_IDENTITY = "iPhone Developer";
				"CODE_SIGN_IDENTITY[sdk=iphoneos*]" = "iPhone Developer";
				EMBEDDED_CONTENT_CONTAINS_SWIFT = YES;
				INFOPLIST_FILE = "Calvin and Hobbes/Info.plist";
				IPHONEOS_DEPLOYMENT_TARGET = 9.0;
				LD_RUNPATH_SEARCH_PATHS = "$(inherited) @executable_path/Frameworks";
				PRODUCT_BUNDLE_IDENTIFIER = "com.van.prooyen.Calvin-and-Hobbes";
				PRODUCT_NAME = "$(TARGET_NAME)";
				PROVISIONING_PROFILE = "";
				SWIFT_OBJC_BRIDGING_HEADER = "Calvin and Hobbes/Supporting Files/Swift-Bridging-Header.h";
			};
			name = Release;
		};
		66CDF7C61BB879F100B91B62 /* Debug */ = {
			isa = XCBuildConfiguration;
			buildSettings = {
				BUNDLE_LOADER = "$(TEST_HOST)";
				INFOPLIST_FILE = "Calvin and HobbesTests/Info.plist";
				LD_RUNPATH_SEARCH_PATHS = "$(inherited) @executable_path/Frameworks @loader_path/Frameworks";
				PRODUCT_BUNDLE_IDENTIFIER = "adamtech.Calvin-and-HobbesTests";
				PRODUCT_NAME = "$(TARGET_NAME)";
				TEST_HOST = "$(BUILT_PRODUCTS_DIR)/Calvin and Hobbes.app/Calvin and Hobbes";
			};
			name = Debug;
		};
		66CDF7C71BB879F100B91B62 /* Release */ = {
			isa = XCBuildConfiguration;
			buildSettings = {
				BUNDLE_LOADER = "$(TEST_HOST)";
				INFOPLIST_FILE = "Calvin and HobbesTests/Info.plist";
				LD_RUNPATH_SEARCH_PATHS = "$(inherited) @executable_path/Frameworks @loader_path/Frameworks";
				PRODUCT_BUNDLE_IDENTIFIER = "adamtech.Calvin-and-HobbesTests";
				PRODUCT_NAME = "$(TARGET_NAME)";
				TEST_HOST = "$(BUILT_PRODUCTS_DIR)/Calvin and Hobbes.app/Calvin and Hobbes";
			};
			name = Release;
		};
		66CDF7C91BB879F100B91B62 /* Debug */ = {
			isa = XCBuildConfiguration;
			buildSettings = {
				INFOPLIST_FILE = "Calvin and HobbesUITests/Info.plist";
				LD_RUNPATH_SEARCH_PATHS = "$(inherited) @executable_path/Frameworks @loader_path/Frameworks";
				PRODUCT_BUNDLE_IDENTIFIER = "adamtech.Calvin-and-HobbesUITests";
				PRODUCT_NAME = "$(TARGET_NAME)";
				TEST_TARGET_NAME = "Calvin and Hobbes";
				USES_XCTRUNNER = YES;
			};
			name = Debug;
		};
		66CDF7CA1BB879F100B91B62 /* Release */ = {
			isa = XCBuildConfiguration;
			buildSettings = {
				INFOPLIST_FILE = "Calvin and HobbesUITests/Info.plist";
				LD_RUNPATH_SEARCH_PATHS = "$(inherited) @executable_path/Frameworks @loader_path/Frameworks";
				PRODUCT_BUNDLE_IDENTIFIER = "adamtech.Calvin-and-HobbesUITests";
				PRODUCT_NAME = "$(TARGET_NAME)";
				TEST_TARGET_NAME = "Calvin and Hobbes";
				USES_XCTRUNNER = YES;
			};
			name = Release;
		};
/* End XCBuildConfiguration section */

/* Begin XCConfigurationList section */
		66CDF7921BB879F100B91B62 /* Build configuration list for PBXProject "Calvin and Hobbes" */ = {
			isa = XCConfigurationList;
			buildConfigurations = (
				66CDF7C01BB879F100B91B62 /* Debug */,
				66CDF7C11BB879F100B91B62 /* Release */,
			);
			defaultConfigurationIsVisible = 0;
			defaultConfigurationName = Release;
		};
		66CDF7C21BB879F100B91B62 /* Build configuration list for PBXNativeTarget "Calvin and Hobbes" */ = {
			isa = XCConfigurationList;
			buildConfigurations = (
				66CDF7C31BB879F100B91B62 /* Debug */,
				66CDF7C41BB879F100B91B62 /* Release */,
			);
			defaultConfigurationIsVisible = 0;
			defaultConfigurationName = Release;
		};
		66CDF7C51BB879F100B91B62 /* Build configuration list for PBXNativeTarget "Calvin and HobbesTests" */ = {
			isa = XCConfigurationList;
			buildConfigurations = (
				66CDF7C61BB879F100B91B62 /* Debug */,
				66CDF7C71BB879F100B91B62 /* Release */,
			);
			defaultConfigurationIsVisible = 0;
			defaultConfigurationName = Release;
		};
		66CDF7C81BB879F100B91B62 /* Build configuration list for PBXNativeTarget "Calvin and HobbesUITests" */ = {
			isa = XCConfigurationList;
			buildConfigurations = (
				66CDF7C91BB879F100B91B62 /* Debug */,
				66CDF7CA1BB879F100B91B62 /* Release */,
			);
			defaultConfigurationIsVisible = 0;
			defaultConfigurationName = Release;
		};
/* End XCConfigurationList section */

/* Begin XCVersionGroup section */
		66CDF7A11BB879F100B91B62 /* Calvin_and_Hobbes.xcdatamodeld */ = {
			isa = XCVersionGroup;
			children = (
				66CDF7A21BB879F100B91B62 /* Calvin_and_Hobbes.xcdatamodel */,
			);
			currentVersion = 66CDF7A21BB879F100B91B62 /* Calvin_and_Hobbes.xcdatamodel */;
			path = Calvin_and_Hobbes.xcdatamodeld;
			sourceTree = "<group>";
			versionGroupType = wrapper.xcdatamodel;
		};
/* End XCVersionGroup section */
	};
	rootObject = 66CDF78F1BB879F100B91B62 /* Project object */;
}
