PODS:
  - Alamofire (3.1.0)
  - PDTSimpleCalendar (0.9.1)
  - Timepiece (0.4.2)
  - VIPhotoView (0.1)

DEPENDENCIES:
  - Alamofire (from `https://github.com/Alamofire/Alamofire.git`, branch `master`)
  - PDTSimpleCalendar (~> 0.9.1)
  - Timepiece
  - VIPhotoView (~> 0.1)

EXTERNAL SOURCES:
  Alamofire:
    :branch: master
    :git: https://github.com/Alamofire/Alamofire.git

CHECKOUT OPTIONS:
  Alamofire:
    :commit: c2429d953b39ca11ebe3911be2744e0546ee4923
    :git: https://github.com/Alamofire/Alamofire.git

SPEC CHECKSUMS:
  Alamofire: 415bd7f56197722978759078486689f7ef913dce
  PDTSimpleCalendar: d1c03387678422715dc021aa1a85d70f4d1014f2
  Timepiece: cf53bb908bf542acc0e3d5f69cabfed869df4ebd
  VIPhotoView: bdc0cf8ddadda754b451869bd3a919e8eb5c11ab

COCOAPODS: 0.39.0
